
Microsoft Visual Studio Solution File, Format Version 12.00
# Visual Studio Version 17
VisualStudioVersion = 17.7.34031.279
MinimumVisualStudioVersion = 10.0.40219.1
Project("{9A19103F-16F7-4668-BE54-9A1E7A4F7556}") = "SearchInFiles", "SearchInFiles\SearchInFiles.csproj", "{FD7321F0-2C50-4DCD-BF07-879D255AA1B6}"
EndProject
Global
	GlobalSection(SolutionConfigurationPlatforms) = preSolution
		Debug|Any CPU = Debug|Any CPU
		Release|Any CPU = Release|Any CPU
	EndGlobalSection
	GlobalSection(ProjectConfigurationPlatforms) = postSolution
		{FD7321F0-2C50-4DCD-BF07-879D255AA1B6}.Debug|Any CPU.ActiveCfg = Debug|Any CPU
		{FD7321F0-2C50-4DCD-BF07-879D255AA1B6}.Debug|Any CPU.Build.0 = Debug|Any CPU
		{FD7321F0-2C50-4DCD-BF07-879D255AA1B6}.Release|Any CPU.ActiveCfg = Release|Any CPU
		{FD7321F0-2C50-4DCD-BF07-879D255AA1B6}.Release|Any CPU.Build.0 = Release|Any CPU
	EndGlobalSection
	GlobalSection(SolutionProperties) = preSolution
		HideSolutionNode = FALSE
	EndGlobalSection
	GlobalSection(ExtensibilityGlobals) = postSolution
		SolutionGuid = {35C82251-139A-4B1A-B1BD-19952246DE1D}
	EndGlobalSection
EndGlobal
